
Microsoft Visual Studio Solution File, Format Version 12.00
# Visual Studio 15
VisualStudioVersion = 15.0.27130.2036
MinimumVisualStudioVersion = 10.0.40219.1
Project("{FAE04EC0-301F-11D3-BF4B-00C04F79EFBC}") = "Loginauth", "Loginauth\Loginauth.csproj", "{82C8A1A3-A7CA-479A-B880-AA60135E70AB}"
EndProject
Global
	GlobalSection(SolutionConfigurationPlatforms) = preSolution
		Debug|Any CPU = Debug|Any CPU
		Release|Any CPU = Release|Any CPU
	EndGlobalSection
	GlobalSection(ProjectConfigurationPlatforms) = postSolution
		{82C8A1A3-A7CA-479A-B880-AA60135E70AB}.Debug|Any CPU.ActiveCfg = Debug|Any CPU
		{82C8A1A3-A7CA-479A-B880-AA60135E70AB}.Debug|Any CPU.Build.0 = Debug|Any CPU
		{82C8A1A3-A7CA-479A-B880-AA60135E70AB}.Release|Any CPU.ActiveCfg = Release|Any CPU
		{82C8A1A3-A7CA-479A-B880-AA60135E70AB}.Release|Any CPU.Build.0 = Release|Any CPU
	EndGlobalSection
	GlobalSection(SolutionProperties) = preSolution
		HideSolutionNode = FALSE
	EndGlobalSection
	GlobalSection(ExtensibilityGlobals) = postSolution
		SolutionGuid = {9B074C8D-A5C4-483F-897F-607825DD6B18}
	EndGlobalSection
EndGlobal
